
Microsoft Visual Studio Solution File, Format Version 12.00
# Visual Studio 14
VisualStudioVersion = 14.0.23107.0
MinimumVisualStudioVersion = 10.0.40219.1
Project("{FAE04EC0-301F-11D3-BF4B-00C04F79EFBC}") = "Dota2AdvancedDescriptions", "Dota2AdvancedDescriptions\Dota2AdvancedDescriptions.csproj", "{D26DA7A4-C5E6-4226-AC41-5C04E489197B}"
EndProject
Global
	GlobalSection(SolutionConfigurationPlatforms) = preSolution
		Debug|Any CPU = Debug|Any CPU
		Release|Any CPU = Release|Any CPU
	EndGlobalSection
	GlobalSection(ProjectConfigurationPlatforms) = postSolution
		{D26DA7A4-C5E6-4226-AC41-5C04E489197B}.Debug|Any CPU.ActiveCfg = Debug|Any CPU
		{D26DA7A4-C5E6-4226-AC41-5C04E489197B}.Debug|Any CPU.Build.0 = Debug|Any CPU
		{D26DA7A4-C5E6-4226-AC41-5C04E489197B}.Release|Any CPU.ActiveCfg = Release|Any CPU
		{D26DA7A4-C5E6-4226-AC41-5C04E489197B}.Release|Any CPU.Build.0 = Release|Any CPU
	EndGlobalSection
	GlobalSection(SolutionProperties) = preSolution
		HideSolutionNode = FALSE
	EndGlobalSection
EndGlobal
